
Microsoft Visual Studio Solution File, Format Version 12.00
# Visual Studio Version 16
VisualStudioVersion = 16.0.30114.128
MinimumVisualStudioVersion = 10.0.40219.1
Project("{9A19103F-16F7-4668-BE54-9A1E7A4F7556}") = "Iwentys.Database", "Iwentys.Database\Iwentys.Database.csproj", "{CB209277-3721-40DB-9FDF-5D0FDAD4B451}"
EndProject
Project("{9A19103F-16F7-4668-BE54-9A1E7A4F7556}") = "Iwentys.Polygon", "Iwentys.Polygon\Iwentys.Polygon.csproj", "{5AAA44F2-958B-4A3B-A846-7F15F6F5E2B8}"
EndProject
Project("{9A19103F-16F7-4668-BE54-9A1E7A4F7556}") = "Iwentys.Integrations.GithubIntegration", "Integrations\Iwentys.Integrations.GithubIntegration\Iwentys.Integrations.GithubIntegration.csproj", "{901C84FD-31CC-4999-8CB8-C6207AB2700A}"
EndProject
Project("{9A19103F-16F7-4668-BE54-9A1E7A4F7556}") = "Iwentys.Integrations.GoogleTableIntegration", "Integrations\Iwentys.Integrations.GoogleTableIntegration\Iwentys.Integrations.GoogleTableIntegration.csproj", "{F3AEE03E-AEB2-4F5D-A961-A5852E72AB46}"
EndProject
Project("{9A19103F-16F7-4668-BE54-9A1E7A4F7556}") = "Iwentys.Integrations.TelegramIntegration", "Integrations\Iwentys.Integrations.TelegramIntegration\Iwentys.Integrations.TelegramIntegration.csproj", "{468062FC-41F2-45A9-A4FB-66175D90C102}"
EndProject
Project("{2150E333-8FDC-42A3-9474-1A3956D46DE8}") = "Endpoint", "Endpoint", "{70E1C0FF-AA6C-4ED5-AE29-587699CF170C}"
EndProject
Project("{2150E333-8FDC-42A3-9474-1A3956D46DE8}") = "Features", "Features", "{95512D3C-159E-4224-B79E-E445AE17B0E7}"
EndProject
Project("{9A19103F-16F7-4668-BE54-9A1E7A4F7556}") = "Iwentys.Features.Achievements", "Features\Iwentys.Features.Achievements\Iwentys.Features.Achievements.csproj", "{64780360-31E5-4F14-8309-A416913B0816}"
EndProject
Project("{9A19103F-16F7-4668-BE54-9A1E7A4F7556}") = "Iwentys.Common", "Iwentys.Common\Iwentys.Common.csproj", "{E888EB7B-9C83-46FD-8D11-C706C63B4973}"
EndProject
Project("{9A19103F-16F7-4668-BE54-9A1E7A4F7556}") = "Iwentys.Features.GithubIntegration", "Features\Iwentys.Features.GithubIntegration\Iwentys.Features.GithubIntegration.csproj", "{221671CF-E721-4418-872A-79F591C2024D}"
EndProject
Project("{9A19103F-16F7-4668-BE54-9A1E7A4F7556}") = "Iwentys.Features.Guilds", "Features\Iwentys.Features.Guilds\Iwentys.Features.Guilds.csproj", "{29510D58-8FDB-4224-9F5E-11FEB5FECFF3}"
EndProject
Project("{9A19103F-16F7-4668-BE54-9A1E7A4F7556}") = "Iwentys.Endpoint.Server", "Endpoints\Iwentys.Endpoint.Server\Iwentys.Endpoint.Server.csproj", "{F3FEE870-DF3A-4D9B-BB6F-067ED327CDB9}"
EndProject
Project("{9A19103F-16F7-4668-BE54-9A1E7A4F7556}") = "Iwentys.Endpoint.Client", "Endpoints\Iwentys.Endpoint.Client\Iwentys.Endpoint.Client.csproj", "{8FD43B28-FF84-40F7-93DE-77F39A111800}"
EndProject
Project("{2150E333-8FDC-42A3-9474-1A3956D46DE8}") = "Integrations", "Integrations", "{C2D7EE1D-FF29-410A-A710-0FB6E8C3319F}"
EndProject
Project("{9A19103F-16F7-4668-BE54-9A1E7A4F7556}") = "Iwentys.Endpoint.Sdk", "Endpoints\Iwentys.Endpoint.Sdk\Iwentys.Endpoint.Sdk.csproj", "{C4F448D4-9FFA-42E8-808C-7163C1E83536}"
EndProject
Project("{9A19103F-16F7-4668-BE54-9A1E7A4F7556}") = "Iwentys.Database.Seeding", "Iwentys.Database.Seeding\Iwentys.Database.Seeding.csproj", "{983F15ED-65F0-464D-8301-71567A7A7B75}"
EndProject
Project("{9A19103F-16F7-4668-BE54-9A1E7A4F7556}") = "Iwentys.Features.Economy", "Features\Iwentys.Features.Economy\Iwentys.Features.Economy.csproj", "{F56BC660-6940-4E43-A4CD-146A09DAD760}"
EndProject
Project("{2150E333-8FDC-42A3-9474-1A3956D46DE8}") = "Tests", "Tests", "{708E281D-A2FC-4E6D-AFA6-84482952AAC0}"
EndProject
Project("{9A19103F-16F7-4668-BE54-9A1E7A4F7556}") = "Iwentys.Tests", "Tests\Iwentys.Tests\Iwentys.Tests.csproj", "{3915CC73-987F-4AAA-95BA-0DB16242D5AA}"
EndProject
Project("{9A19103F-16F7-4668-BE54-9A1E7A4F7556}") = "Iwentys.Features.Newsfeeds", "Features\Iwentys.Features.Newsfeeds\Iwentys.Features.Newsfeeds.csproj", "{1306D6D9-8EA8-46E1-8FDB-00CCBBBAA189}"
EndProject
Project("{9A19103F-16F7-4668-BE54-9A1E7A4F7556}") = "Iwentys.Features.Companies", "Features\Iwentys.Features.Companies\Iwentys.Features.Companies.csproj", "{4EBE0935-C8A7-41B6-9C31-A74597A8C92E}"
EndProject
Project("{9A19103F-16F7-4668-BE54-9A1E7A4F7556}") = "Iwentys.Features.Assignments", "Features\Iwentys.Features.Assignments\Iwentys.Features.Assignments.csproj", "{EE88A143-851D-4B85-AFD8-F81C8423C156}"
EndProject
Project("{9A19103F-16F7-4668-BE54-9A1E7A4F7556}") = "Iwentys.Features.Voting", "Features\Iwentys.Features.Voting\Iwentys.Features.Voting.csproj", "{E23BEED4-B0A5-47AC-A8FD-97BF3B2B782A}"
EndProject
Project("{9A19103F-16F7-4668-BE54-9A1E7A4F7556}") = "Iwentys.Features.Quests", "Features\Iwentys.Features.Quests\Iwentys.Features.Quests.csproj", "{0EB575F7-743E-4AA2-80DF-993CD1DEA426}"
EndProject
Project("{9A19103F-16F7-4668-BE54-9A1E7A4F7556}") = "Iwentys.Features.Gamification", "Features\Iwentys.Features.Gamification\Iwentys.Features.Gamification.csproj", "{4FD2B39A-DB81-411D-B34D-57D30DB2A311}"
EndProject
Project("{9A19103F-16F7-4668-BE54-9A1E7A4F7556}") = "Iwentys.Endpoint.Controllers", "Endpoints\Iwentys.Endpoint.Controllers\Iwentys.Endpoint.Controllers.csproj", "{607370AD-352D-4576-9757-BC27A3075DF2}"
EndProject
Project("{9A19103F-16F7-4668-BE54-9A1E7A4F7556}") = "Iwentys.Features.Study", "Features\Iwentys.Features.Study\Iwentys.Features.Study.csproj", "{1194505C-80C5-4020-9260-3E1B766326CC}"
EndProject
Project("{9A19103F-16F7-4668-BE54-9A1E7A4F7556}") = "Iwentys.Features.Students", "Features\Iwentys.Features.Students\Iwentys.Features.Students.csproj", "{626DAF59-83C6-4939-87F5-0EEE60382476}"
EndProject
Project("{2150E333-8FDC-42A3-9474-1A3956D46DE8}") = "Solution Items", "Solution Items", "{CEC6B4BC-4117-49DD-9461-112C66DE1EB8}"
	ProjectSection(SolutionItems) = preProject
		.editorconfig = .editorconfig
	EndProjectSection
EndProject
Project("{9A19103F-16F7-4668-BE54-9A1E7A4F7556}") = "Iwentys.Features.Guilds.Tournaments", "Features\Iwentys.Features.Guilds.Tournaments\Iwentys.Features.Guilds.Tournaments.csproj", "{6CDD304F-F4C3-4296-9FF5-484735A73B56}"
EndProject
Project("{9A19103F-16F7-4668-BE54-9A1E7A4F7556}") = "Iwentys.Features.Guilds.Tributes", "Features\Iwentys.Features.Guilds.Tributes\Iwentys.Features.Guilds.Tributes.csproj", "{C04D2C0A-7BA3-4BF4-897D-3237DB02EA28}"
EndProject
Project("{FAE04EC0-301F-11D3-BF4B-00C04F79EFBC}") = "Iwentys.Features.Raids", "Features\Iwentys.Features.Raids\Iwentys.Features.Raids.csproj", "{075177D8-9015-4717-B2E3-D570ED5B3698}"
EndProject
Global
	GlobalSection(SolutionConfigurationPlatforms) = preSolution
		Debug|Any CPU = Debug|Any CPU
		Release|Any CPU = Release|Any CPU
	EndGlobalSection
	GlobalSection(ProjectConfigurationPlatforms) = postSolution
		{CB209277-3721-40DB-9FDF-5D0FDAD4B451}.Debug|Any CPU.ActiveCfg = Debug|Any CPU
		{CB209277-3721-40DB-9FDF-5D0FDAD4B451}.Debug|Any CPU.Build.0 = Debug|Any CPU
		{CB209277-3721-40DB-9FDF-5D0FDAD4B451}.Release|Any CPU.ActiveCfg = Release|Any CPU
		{CB209277-3721-40DB-9FDF-5D0FDAD4B451}.Release|Any CPU.Build.0 = Release|Any CPU
		{5AAA44F2-958B-4A3B-A846-7F15F6F5E2B8}.Debug|Any CPU.ActiveCfg = Debug|Any CPU
		{5AAA44F2-958B-4A3B-A846-7F15F6F5E2B8}.Debug|Any CPU.Build.0 = Debug|Any CPU
		{5AAA44F2-958B-4A3B-A846-7F15F6F5E2B8}.Release|Any CPU.ActiveCfg = Release|Any CPU
		{5AAA44F2-958B-4A3B-A846-7F15F6F5E2B8}.Release|Any CPU.Build.0 = Release|Any CPU
		{901C84FD-31CC-4999-8CB8-C6207AB2700A}.Debug|Any CPU.ActiveCfg = Debug|Any CPU
		{901C84FD-31CC-4999-8CB8-C6207AB2700A}.Debug|Any CPU.Build.0 = Debug|Any CPU
		{901C84FD-31CC-4999-8CB8-C6207AB2700A}.Release|Any CPU.ActiveCfg = Release|Any CPU
		{901C84FD-31CC-4999-8CB8-C6207AB2700A}.Release|Any CPU.Build.0 = Release|Any CPU
		{F3AEE03E-AEB2-4F5D-A961-A5852E72AB46}.Debug|Any CPU.ActiveCfg = Debug|Any CPU
		{F3AEE03E-AEB2-4F5D-A961-A5852E72AB46}.Debug|Any CPU.Build.0 = Debug|Any CPU
		{F3AEE03E-AEB2-4F5D-A961-A5852E72AB46}.Release|Any CPU.ActiveCfg = Release|Any CPU
		{F3AEE03E-AEB2-4F5D-A961-A5852E72AB46}.Release|Any CPU.Build.0 = Release|Any CPU
		{468062FC-41F2-45A9-A4FB-66175D90C102}.Debug|Any CPU.ActiveCfg = Debug|Any CPU
		{468062FC-41F2-45A9-A4FB-66175D90C102}.Debug|Any CPU.Build.0 = Debug|Any CPU
		{468062FC-41F2-45A9-A4FB-66175D90C102}.Release|Any CPU.ActiveCfg = Release|Any CPU
		{468062FC-41F2-45A9-A4FB-66175D90C102}.Release|Any CPU.Build.0 = Release|Any CPU
		{64780360-31E5-4F14-8309-A416913B0816}.Debug|Any CPU.ActiveCfg = Debug|Any CPU
		{64780360-31E5-4F14-8309-A416913B0816}.Debug|Any CPU.Build.0 = Debug|Any CPU
		{64780360-31E5-4F14-8309-A416913B0816}.Release|Any CPU.ActiveCfg = Release|Any CPU
		{64780360-31E5-4F14-8309-A416913B0816}.Release|Any CPU.Build.0 = Release|Any CPU
		{E888EB7B-9C83-46FD-8D11-C706C63B4973}.Debug|Any CPU.ActiveCfg = Debug|Any CPU
		{E888EB7B-9C83-46FD-8D11-C706C63B4973}.Debug|Any CPU.Build.0 = Debug|Any CPU
		{E888EB7B-9C83-46FD-8D11-C706C63B4973}.Release|Any CPU.ActiveCfg = Release|Any CPU
		{E888EB7B-9C83-46FD-8D11-C706C63B4973}.Release|Any CPU.Build.0 = Release|Any CPU
		{221671CF-E721-4418-872A-79F591C2024D}.Debug|Any CPU.ActiveCfg = Debug|Any CPU
		{221671CF-E721-4418-872A-79F591C2024D}.Debug|Any CPU.Build.0 = Debug|Any CPU
		{221671CF-E721-4418-872A-79F591C2024D}.Release|Any CPU.ActiveCfg = Release|Any CPU
		{221671CF-E721-4418-872A-79F591C2024D}.Release|Any CPU.Build.0 = Release|Any CPU
		{29510D58-8FDB-4224-9F5E-11FEB5FECFF3}.Debug|Any CPU.ActiveCfg = Debug|Any CPU
		{29510D58-8FDB-4224-9F5E-11FEB5FECFF3}.Debug|Any CPU.Build.0 = Debug|Any CPU
		{29510D58-8FDB-4224-9F5E-11FEB5FECFF3}.Release|Any CPU.ActiveCfg = Release|Any CPU
		{29510D58-8FDB-4224-9F5E-11FEB5FECFF3}.Release|Any CPU.Build.0 = Release|Any CPU
		{F3FEE870-DF3A-4D9B-BB6F-067ED327CDB9}.Debug|Any CPU.ActiveCfg = Debug|Any CPU
		{F3FEE870-DF3A-4D9B-BB6F-067ED327CDB9}.Debug|Any CPU.Build.0 = Debug|Any CPU
		{F3FEE870-DF3A-4D9B-BB6F-067ED327CDB9}.Release|Any CPU.ActiveCfg = Release|Any CPU
		{F3FEE870-DF3A-4D9B-BB6F-067ED327CDB9}.Release|Any CPU.Build.0 = Release|Any CPU
		{8FD43B28-FF84-40F7-93DE-77F39A111800}.Debug|Any CPU.ActiveCfg = Debug|Any CPU
		{8FD43B28-FF84-40F7-93DE-77F39A111800}.Debug|Any CPU.Build.0 = Debug|Any CPU
		{8FD43B28-FF84-40F7-93DE-77F39A111800}.Release|Any CPU.ActiveCfg = Release|Any CPU
		{8FD43B28-FF84-40F7-93DE-77F39A111800}.Release|Any CPU.Build.0 = Release|Any CPU
		{C4F448D4-9FFA-42E8-808C-7163C1E83536}.Debug|Any CPU.ActiveCfg = Debug|Any CPU
		{C4F448D4-9FFA-42E8-808C-7163C1E83536}.Debug|Any CPU.Build.0 = Debug|Any CPU
		{C4F448D4-9FFA-42E8-808C-7163C1E83536}.Release|Any CPU.ActiveCfg = Release|Any CPU
		{C4F448D4-9FFA-42E8-808C-7163C1E83536}.Release|Any CPU.Build.0 = Release|Any CPU
		{983F15ED-65F0-464D-8301-71567A7A7B75}.Debug|Any CPU.ActiveCfg = Debug|Any CPU
		{983F15ED-65F0-464D-8301-71567A7A7B75}.Debug|Any CPU.Build.0 = Debug|Any CPU
		{983F15ED-65F0-464D-8301-71567A7A7B75}.Release|Any CPU.ActiveCfg = Release|Any CPU
		{983F15ED-65F0-464D-8301-71567A7A7B75}.Release|Any CPU.Build.0 = Release|Any CPU
		{F56BC660-6940-4E43-A4CD-146A09DAD760}.Debug|Any CPU.ActiveCfg = Debug|Any CPU
		{F56BC660-6940-4E43-A4CD-146A09DAD760}.Debug|Any CPU.Build.0 = Debug|Any CPU
		{F56BC660-6940-4E43-A4CD-146A09DAD760}.Release|Any CPU.ActiveCfg = Release|Any CPU
		{F56BC660-6940-4E43-A4CD-146A09DAD760}.Release|Any CPU.Build.0 = Release|Any CPU
		{3915CC73-987F-4AAA-95BA-0DB16242D5AA}.Debug|Any CPU.ActiveCfg = Debug|Any CPU
		{3915CC73-987F-4AAA-95BA-0DB16242D5AA}.Debug|Any CPU.Build.0 = Debug|Any CPU
		{3915CC73-987F-4AAA-95BA-0DB16242D5AA}.Release|Any CPU.ActiveCfg = Release|Any CPU
		{3915CC73-987F-4AAA-95BA-0DB16242D5AA}.Release|Any CPU.Build.0 = Release|Any CPU
		{1306D6D9-8EA8-46E1-8FDB-00CCBBBAA189}.Debug|Any CPU.ActiveCfg = Debug|Any CPU
		{1306D6D9-8EA8-46E1-8FDB-00CCBBBAA189}.Debug|Any CPU.Build.0 = Debug|Any CPU
		{1306D6D9-8EA8-46E1-8FDB-00CCBBBAA189}.Release|Any CPU.ActiveCfg = Release|Any CPU
		{1306D6D9-8EA8-46E1-8FDB-00CCBBBAA189}.Release|Any CPU.Build.0 = Release|Any CPU
		{4EBE0935-C8A7-41B6-9C31-A74597A8C92E}.Debug|Any CPU.ActiveCfg = Debug|Any CPU
		{4EBE0935-C8A7-41B6-9C31-A74597A8C92E}.Debug|Any CPU.Build.0 = Debug|Any CPU
		{4EBE0935-C8A7-41B6-9C31-A74597A8C92E}.Release|Any CPU.ActiveCfg = Release|Any CPU
		{4EBE0935-C8A7-41B6-9C31-A74597A8C92E}.Release|Any CPU.Build.0 = Release|Any CPU
		{EE88A143-851D-4B85-AFD8-F81C8423C156}.Debug|Any CPU.ActiveCfg = Debug|Any CPU
		{EE88A143-851D-4B85-AFD8-F81C8423C156}.Debug|Any CPU.Build.0 = Debug|Any CPU
		{EE88A143-851D-4B85-AFD8-F81C8423C156}.Release|Any CPU.ActiveCfg = Release|Any CPU
		{EE88A143-851D-4B85-AFD8-F81C8423C156}.Release|Any CPU.Build.0 = Release|Any CPU
		{E23BEED4-B0A5-47AC-A8FD-97BF3B2B782A}.Debug|Any CPU.ActiveCfg = Debug|Any CPU
		{E23BEED4-B0A5-47AC-A8FD-97BF3B2B782A}.Debug|Any CPU.Build.0 = Debug|Any CPU
		{E23BEED4-B0A5-47AC-A8FD-97BF3B2B782A}.Release|Any CPU.ActiveCfg = Release|Any CPU
		{E23BEED4-B0A5-47AC-A8FD-97BF3B2B782A}.Release|Any CPU.Build.0 = Release|Any CPU
		{0EB575F7-743E-4AA2-80DF-993CD1DEA426}.Debug|Any CPU.ActiveCfg = Debug|Any CPU
		{0EB575F7-743E-4AA2-80DF-993CD1DEA426}.Debug|Any CPU.Build.0 = Debug|Any CPU
		{0EB575F7-743E-4AA2-80DF-993CD1DEA426}.Release|Any CPU.ActiveCfg = Release|Any CPU
		{0EB575F7-743E-4AA2-80DF-993CD1DEA426}.Release|Any CPU.Build.0 = Release|Any CPU
		{4FD2B39A-DB81-411D-B34D-57D30DB2A311}.Debug|Any CPU.ActiveCfg = Debug|Any CPU
		{4FD2B39A-DB81-411D-B34D-57D30DB2A311}.Debug|Any CPU.Build.0 = Debug|Any CPU
		{4FD2B39A-DB81-411D-B34D-57D30DB2A311}.Release|Any CPU.ActiveCfg = Release|Any CPU
		{4FD2B39A-DB81-411D-B34D-57D30DB2A311}.Release|Any CPU.Build.0 = Release|Any CPU
		{607370AD-352D-4576-9757-BC27A3075DF2}.Debug|Any CPU.ActiveCfg = Debug|Any CPU
		{607370AD-352D-4576-9757-BC27A3075DF2}.Debug|Any CPU.Build.0 = Debug|Any CPU
		{607370AD-352D-4576-9757-BC27A3075DF2}.Release|Any CPU.ActiveCfg = Release|Any CPU
		{607370AD-352D-4576-9757-BC27A3075DF2}.Release|Any CPU.Build.0 = Release|Any CPU
		{1194505C-80C5-4020-9260-3E1B766326CC}.Debug|Any CPU.ActiveCfg = Debug|Any CPU
		{1194505C-80C5-4020-9260-3E1B766326CC}.Debug|Any CPU.Build.0 = Debug|Any CPU
		{1194505C-80C5-4020-9260-3E1B766326CC}.Release|Any CPU.ActiveCfg = Release|Any CPU
		{1194505C-80C5-4020-9260-3E1B766326CC}.Release|Any CPU.Build.0 = Release|Any CPU
		{626DAF59-83C6-4939-87F5-0EEE60382476}.Debug|Any CPU.ActiveCfg = Debug|Any CPU
		{626DAF59-83C6-4939-87F5-0EEE60382476}.Debug|Any CPU.Build.0 = Debug|Any CPU
		{626DAF59-83C6-4939-87F5-0EEE60382476}.Release|Any CPU.ActiveCfg = Release|Any CPU
		{626DAF59-83C6-4939-87F5-0EEE60382476}.Release|Any CPU.Build.0 = Release|Any CPU
		{6CDD304F-F4C3-4296-9FF5-484735A73B56}.Debug|Any CPU.ActiveCfg = Debug|Any CPU
		{6CDD304F-F4C3-4296-9FF5-484735A73B56}.Debug|Any CPU.Build.0 = Debug|Any CPU
		{6CDD304F-F4C3-4296-9FF5-484735A73B56}.Release|Any CPU.ActiveCfg = Release|Any CPU
		{6CDD304F-F4C3-4296-9FF5-484735A73B56}.Release|Any CPU.Build.0 = Release|Any CPU
		{C04D2C0A-7BA3-4BF4-897D-3237DB02EA28}.Debug|Any CPU.ActiveCfg = Debug|Any CPU
		{C04D2C0A-7BA3-4BF4-897D-3237DB02EA28}.Debug|Any CPU.Build.0 = Debug|Any CPU
		{C04D2C0A-7BA3-4BF4-897D-3237DB02EA28}.Release|Any CPU.ActiveCfg = Release|Any CPU
		{C04D2C0A-7BA3-4BF4-897D-3237DB02EA28}.Release|Any CPU.Build.0 = Release|Any CPU
		{075177D8-9015-4717-B2E3-D570ED5B3698}.Debug|Any CPU.ActiveCfg = Debug|Any CPU
		{075177D8-9015-4717-B2E3-D570ED5B3698}.Debug|Any CPU.Build.0 = Debug|Any CPU
		{075177D8-9015-4717-B2E3-D570ED5B3698}.Release|Any CPU.ActiveCfg = Release|Any CPU
		{075177D8-9015-4717-B2E3-D570ED5B3698}.Release|Any CPU.Build.0 = Release|Any CPU
	EndGlobalSection
	GlobalSection(SolutionProperties) = preSolution
		HideSolutionNode = FALSE
	EndGlobalSection
	GlobalSection(NestedProjects) = preSolution
		{901C84FD-31CC-4999-8CB8-C6207AB2700A} = {C2D7EE1D-FF29-410A-A710-0FB6E8C3319F}
		{F3AEE03E-AEB2-4F5D-A961-A5852E72AB46} = {C2D7EE1D-FF29-410A-A710-0FB6E8C3319F}
		{468062FC-41F2-45A9-A4FB-66175D90C102} = {C2D7EE1D-FF29-410A-A710-0FB6E8C3319F}
		{64780360-31E5-4F14-8309-A416913B0816} = {95512D3C-159E-4224-B79E-E445AE17B0E7}
		{221671CF-E721-4418-872A-79F591C2024D} = {95512D3C-159E-4224-B79E-E445AE17B0E7}
		{29510D58-8FDB-4224-9F5E-11FEB5FECFF3} = {95512D3C-159E-4224-B79E-E445AE17B0E7}
		{F3FEE870-DF3A-4D9B-BB6F-067ED327CDB9} = {70E1C0FF-AA6C-4ED5-AE29-587699CF170C}
		{8FD43B28-FF84-40F7-93DE-77F39A111800} = {70E1C0FF-AA6C-4ED5-AE29-587699CF170C}
		{C4F448D4-9FFA-42E8-808C-7163C1E83536} = {70E1C0FF-AA6C-4ED5-AE29-587699CF170C}
		{F56BC660-6940-4E43-A4CD-146A09DAD760} = {95512D3C-159E-4224-B79E-E445AE17B0E7}
		{3915CC73-987F-4AAA-95BA-0DB16242D5AA} = {708E281D-A2FC-4E6D-AFA6-84482952AAC0}
		{1306D6D9-8EA8-46E1-8FDB-00CCBBBAA189} = {95512D3C-159E-4224-B79E-E445AE17B0E7}
		{4EBE0935-C8A7-41B6-9C31-A74597A8C92E} = {95512D3C-159E-4224-B79E-E445AE17B0E7}
		{EE88A143-851D-4B85-AFD8-F81C8423C156} = {95512D3C-159E-4224-B79E-E445AE17B0E7}
		{E23BEED4-B0A5-47AC-A8FD-97BF3B2B782A} = {95512D3C-159E-4224-B79E-E445AE17B0E7}
		{0EB575F7-743E-4AA2-80DF-993CD1DEA426} = {95512D3C-159E-4224-B79E-E445AE17B0E7}
		{4FD2B39A-DB81-411D-B34D-57D30DB2A311} = {95512D3C-159E-4224-B79E-E445AE17B0E7}
		{607370AD-352D-4576-9757-BC27A3075DF2} = {70E1C0FF-AA6C-4ED5-AE29-587699CF170C}
		{1194505C-80C5-4020-9260-3E1B766326CC} = {95512D3C-159E-4224-B79E-E445AE17B0E7}
		{626DAF59-83C6-4939-87F5-0EEE60382476} = {95512D3C-159E-4224-B79E-E445AE17B0E7}
		{6CDD304F-F4C3-4296-9FF5-484735A73B56} = {95512D3C-159E-4224-B79E-E445AE17B0E7}
		{C04D2C0A-7BA3-4BF4-897D-3237DB02EA28} = {95512D3C-159E-4224-B79E-E445AE17B0E7}
		{075177D8-9015-4717-B2E3-D570ED5B3698} = {95512D3C-159E-4224-B79E-E445AE17B0E7}
	EndGlobalSection
	GlobalSection(ExtensibilityGlobals) = postSolution
		SolutionGuid = {C699E386-11E7-4ABB-9AD6-C676F3CA2061}
	EndGlobalSection
EndGlobal
