
Microsoft Visual Studio Solution File, Format Version 12.00
# Visual Studio Version 16
VisualStudioVersion = 16.0.30114.128
MinimumVisualStudioVersion = 10.0.40219.1
Project("{2150E333-8FDC-42A3-9474-1A3956D46DE8}") = "Endpoints", "Endpoints", "{70E1C0FF-AA6C-4ED5-AE29-587699CF170C}"
EndProject
Project("{2150E333-8FDC-42A3-9474-1A3956D46DE8}") = "Integrations", "Integrations", "{C2D7EE1D-FF29-410A-A710-0FB6E8C3319F}"
EndProject
Project("{2150E333-8FDC-42A3-9474-1A3956D46DE8}") = "Tests", "Tests", "{708E281D-A2FC-4E6D-AFA6-84482952AAC0}"
EndProject
Project("{2150E333-8FDC-42A3-9474-1A3956D46DE8}") = "Solution Items", "Solution Items", "{CEC6B4BC-4117-49DD-9461-112C66DE1EB8}"
	ProjectSection(SolutionItems) = preProject
		.editorconfig = .editorconfig
	EndProjectSection
EndProject
Project("{2150E333-8FDC-42A3-9474-1A3956D46DE8}") = "Infrastructure", "Infrastructure", "{C698C845-6859-4CF6-BE15-83B6C1AE6CB0}"
EndProject
Project("{2150E333-8FDC-42A3-9474-1A3956D46DE8}") = "Domain", "Domain", "{5F1E1EF0-3153-4A4B-95C3-9B65F6428D20}"
EndProject
Project("{9A19103F-16F7-4668-BE54-9A1E7A4F7556}") = "Iwentys.Common", "Domain\Iwentys.Common\Iwentys.Common.csproj", "{0A1E99AC-C493-4718-8030-A3C9F3F825FD}"
EndProject
Project("{9A19103F-16F7-4668-BE54-9A1E7A4F7556}") = "Iwentys.Domain", "Domain\Iwentys.Domain\Iwentys.Domain.csproj", "{00A0C7FF-ACEC-4579-80DB-5CF73DC28B60}"
EndProject
Project("{9A19103F-16F7-4668-BE54-9A1E7A4F7556}") = "Iwentys.Endpoints.Api", "Endpoints\Iwentys.Endpoints.Api\Iwentys.Endpoints.Api.csproj", "{1CA9F797-A57A-45AB-8F47-6B86A49050D1}"
EndProject
Project("{9A19103F-16F7-4668-BE54-9A1E7A4F7556}") = "Iwentys.Endpoints.Sdk", "Endpoints\Iwentys.Endpoints.Sdk\Iwentys.Endpoints.Sdk.csproj", "{4DC08EB9-A74F-4B14-B4C6-DA04D697A054}"
EndProject
Project("{9A19103F-16F7-4668-BE54-9A1E7A4F7556}") = "Iwentys.Endpoints.WebClient", "Endpoints\Iwentys.Endpoints.WebClient\Iwentys.Endpoints.WebClient.csproj", "{9AF87F61-99D0-4C5B-8D2C-8D4C998F4FE2}"
EndProject
Project("{9A19103F-16F7-4668-BE54-9A1E7A4F7556}") = "Iwentys.Infrastructure.Application", "Infrastructure\Iwentys.Infrastructure.Application\Iwentys.Infrastructure.Application.csproj", "{6B5199E5-481D-4912-9BB7-5D66BA6E6461}"
EndProject
Project("{9A19103F-16F7-4668-BE54-9A1E7A4F7556}") = "Iwentys.Infrastructure.Configuration", "Infrastructure\Iwentys.Infrastructure.Configuration\Iwentys.Infrastructure.Configuration.csproj", "{0C3D3B6B-51C1-48A1-8FBB-AE9D4748B16C}"
EndProject
Project("{9A19103F-16F7-4668-BE54-9A1E7A4F7556}") = "Iwentys.Infrastructure.DataAccess", "Infrastructure\Iwentys.Infrastructure.DataAccess\Iwentys.Infrastructure.DataAccess.csproj", "{5B0E1E10-0B80-4D80-B563-D674A9B65429}"
EndProject
Project("{9A19103F-16F7-4668-BE54-9A1E7A4F7556}") = "Iwentys.Infrastructure.DataAccess.Seeding", "Infrastructure\Iwentys.Infrastructure.DataAccess.Seeding\Iwentys.Infrastructure.DataAccess.Seeding.csproj", "{CFA7C7AB-43C2-4D2E-A971-DC20384A6414}"
EndProject
Project("{9A19103F-16F7-4668-BE54-9A1E7A4F7556}") = "Iwentys.Integrations.GithubIntegration", "Integrations\Iwentys.Integrations.GithubIntegration\Iwentys.Integrations.GithubIntegration.csproj", "{EAD950AB-0BAE-4F1C-9FF7-C03934FA0E82}"
EndProject
Project("{9A19103F-16F7-4668-BE54-9A1E7A4F7556}") = "Iwentys.Integrations.GoogleTableIntegration", "Integrations\Iwentys.Integrations.GoogleTableIntegration\Iwentys.Integrations.GoogleTableIntegration.csproj", "{466B8C6F-54CE-42AC-9B19-61A1A247EA32}"
EndProject
Project("{9A19103F-16F7-4668-BE54-9A1E7A4F7556}") = "Iwentys.Tests", "Tests\Iwentys.Tests\Iwentys.Tests.csproj", "{A7665B9A-C791-49D1-BE90-2770687BCB3F}"
EndProject
Project("{9A19103F-16F7-4668-BE54-9A1E7A4F7556}") = "Iwentys.Polygon", "Tests\Iwentys.Polygon\Iwentys.Polygon.csproj", "{135E0A63-F78C-44AB-8F35-BD8DAACA0315}"
EndProject
Global
	GlobalSection(SolutionConfigurationPlatforms) = preSolution
		Debug|Any CPU = Debug|Any CPU
		Release|Any CPU = Release|Any CPU
	EndGlobalSection
	GlobalSection(ProjectConfigurationPlatforms) = postSolution
		{0A1E99AC-C493-4718-8030-A3C9F3F825FD}.Debug|Any CPU.ActiveCfg = Debug|Any CPU
		{0A1E99AC-C493-4718-8030-A3C9F3F825FD}.Debug|Any CPU.Build.0 = Debug|Any CPU
		{0A1E99AC-C493-4718-8030-A3C9F3F825FD}.Release|Any CPU.ActiveCfg = Release|Any CPU
		{0A1E99AC-C493-4718-8030-A3C9F3F825FD}.Release|Any CPU.Build.0 = Release|Any CPU
		{00A0C7FF-ACEC-4579-80DB-5CF73DC28B60}.Debug|Any CPU.ActiveCfg = Debug|Any CPU
		{00A0C7FF-ACEC-4579-80DB-5CF73DC28B60}.Debug|Any CPU.Build.0 = Debug|Any CPU
		{00A0C7FF-ACEC-4579-80DB-5CF73DC28B60}.Release|Any CPU.ActiveCfg = Release|Any CPU
		{00A0C7FF-ACEC-4579-80DB-5CF73DC28B60}.Release|Any CPU.Build.0 = Release|Any CPU
		{1CA9F797-A57A-45AB-8F47-6B86A49050D1}.Debug|Any CPU.ActiveCfg = Debug|Any CPU
		{1CA9F797-A57A-45AB-8F47-6B86A49050D1}.Debug|Any CPU.Build.0 = Debug|Any CPU
		{1CA9F797-A57A-45AB-8F47-6B86A49050D1}.Release|Any CPU.ActiveCfg = Release|Any CPU
		{1CA9F797-A57A-45AB-8F47-6B86A49050D1}.Release|Any CPU.Build.0 = Release|Any CPU
		{4DC08EB9-A74F-4B14-B4C6-DA04D697A054}.Debug|Any CPU.ActiveCfg = Debug|Any CPU
		{4DC08EB9-A74F-4B14-B4C6-DA04D697A054}.Debug|Any CPU.Build.0 = Debug|Any CPU
		{4DC08EB9-A74F-4B14-B4C6-DA04D697A054}.Release|Any CPU.ActiveCfg = Release|Any CPU
		{4DC08EB9-A74F-4B14-B4C6-DA04D697A054}.Release|Any CPU.Build.0 = Release|Any CPU
		{9AF87F61-99D0-4C5B-8D2C-8D4C998F4FE2}.Debug|Any CPU.ActiveCfg = Debug|Any CPU
		{9AF87F61-99D0-4C5B-8D2C-8D4C998F4FE2}.Debug|Any CPU.Build.0 = Debug|Any CPU
		{9AF87F61-99D0-4C5B-8D2C-8D4C998F4FE2}.Release|Any CPU.ActiveCfg = Release|Any CPU
		{9AF87F61-99D0-4C5B-8D2C-8D4C998F4FE2}.Release|Any CPU.Build.0 = Release|Any CPU
		{6B5199E5-481D-4912-9BB7-5D66BA6E6461}.Debug|Any CPU.ActiveCfg = Debug|Any CPU
		{6B5199E5-481D-4912-9BB7-5D66BA6E6461}.Debug|Any CPU.Build.0 = Debug|Any CPU
		{6B5199E5-481D-4912-9BB7-5D66BA6E6461}.Release|Any CPU.ActiveCfg = Release|Any CPU
		{6B5199E5-481D-4912-9BB7-5D66BA6E6461}.Release|Any CPU.Build.0 = Release|Any CPU
		{0C3D3B6B-51C1-48A1-8FBB-AE9D4748B16C}.Debug|Any CPU.ActiveCfg = Debug|Any CPU
		{0C3D3B6B-51C1-48A1-8FBB-AE9D4748B16C}.Debug|Any CPU.Build.0 = Debug|Any CPU
		{0C3D3B6B-51C1-48A1-8FBB-AE9D4748B16C}.Release|Any CPU.ActiveCfg = Release|Any CPU
		{0C3D3B6B-51C1-48A1-8FBB-AE9D4748B16C}.Release|Any CPU.Build.0 = Release|Any CPU
		{5B0E1E10-0B80-4D80-B563-D674A9B65429}.Debug|Any CPU.ActiveCfg = Debug|Any CPU
		{5B0E1E10-0B80-4D80-B563-D674A9B65429}.Debug|Any CPU.Build.0 = Debug|Any CPU
		{5B0E1E10-0B80-4D80-B563-D674A9B65429}.Release|Any CPU.ActiveCfg = Release|Any CPU
		{5B0E1E10-0B80-4D80-B563-D674A9B65429}.Release|Any CPU.Build.0 = Release|Any CPU
		{CFA7C7AB-43C2-4D2E-A971-DC20384A6414}.Debug|Any CPU.ActiveCfg = Debug|Any CPU
		{CFA7C7AB-43C2-4D2E-A971-DC20384A6414}.Debug|Any CPU.Build.0 = Debug|Any CPU
		{CFA7C7AB-43C2-4D2E-A971-DC20384A6414}.Release|Any CPU.ActiveCfg = Release|Any CPU
		{CFA7C7AB-43C2-4D2E-A971-DC20384A6414}.Release|Any CPU.Build.0 = Release|Any CPU
		{EAD950AB-0BAE-4F1C-9FF7-C03934FA0E82}.Debug|Any CPU.ActiveCfg = Debug|Any CPU
		{EAD950AB-0BAE-4F1C-9FF7-C03934FA0E82}.Debug|Any CPU.Build.0 = Debug|Any CPU
		{EAD950AB-0BAE-4F1C-9FF7-C03934FA0E82}.Release|Any CPU.ActiveCfg = Release|Any CPU
		{EAD950AB-0BAE-4F1C-9FF7-C03934FA0E82}.Release|Any CPU.Build.0 = Release|Any CPU
		{466B8C6F-54CE-42AC-9B19-61A1A247EA32}.Debug|Any CPU.ActiveCfg = Debug|Any CPU
		{466B8C6F-54CE-42AC-9B19-61A1A247EA32}.Debug|Any CPU.Build.0 = Debug|Any CPU
		{466B8C6F-54CE-42AC-9B19-61A1A247EA32}.Release|Any CPU.ActiveCfg = Release|Any CPU
		{466B8C6F-54CE-42AC-9B19-61A1A247EA32}.Release|Any CPU.Build.0 = Release|Any CPU
		{A7665B9A-C791-49D1-BE90-2770687BCB3F}.Debug|Any CPU.ActiveCfg = Debug|Any CPU
		{A7665B9A-C791-49D1-BE90-2770687BCB3F}.Debug|Any CPU.Build.0 = Debug|Any CPU
		{A7665B9A-C791-49D1-BE90-2770687BCB3F}.Release|Any CPU.ActiveCfg = Release|Any CPU
		{A7665B9A-C791-49D1-BE90-2770687BCB3F}.Release|Any CPU.Build.0 = Release|Any CPU
		{135E0A63-F78C-44AB-8F35-BD8DAACA0315}.Debug|Any CPU.ActiveCfg = Debug|Any CPU
		{135E0A63-F78C-44AB-8F35-BD8DAACA0315}.Debug|Any CPU.Build.0 = Debug|Any CPU
		{135E0A63-F78C-44AB-8F35-BD8DAACA0315}.Release|Any CPU.ActiveCfg = Release|Any CPU
		{135E0A63-F78C-44AB-8F35-BD8DAACA0315}.Release|Any CPU.Build.0 = Release|Any CPU
	EndGlobalSection
	GlobalSection(SolutionProperties) = preSolution
		HideSolutionNode = FALSE
	EndGlobalSection
	GlobalSection(NestedProjects) = preSolution
		{0A1E99AC-C493-4718-8030-A3C9F3F825FD} = {5F1E1EF0-3153-4A4B-95C3-9B65F6428D20}
		{00A0C7FF-ACEC-4579-80DB-5CF73DC28B60} = {5F1E1EF0-3153-4A4B-95C3-9B65F6428D20}
		{1CA9F797-A57A-45AB-8F47-6B86A49050D1} = {70E1C0FF-AA6C-4ED5-AE29-587699CF170C}
		{4DC08EB9-A74F-4B14-B4C6-DA04D697A054} = {70E1C0FF-AA6C-4ED5-AE29-587699CF170C}
		{9AF87F61-99D0-4C5B-8D2C-8D4C998F4FE2} = {70E1C0FF-AA6C-4ED5-AE29-587699CF170C}
		{6B5199E5-481D-4912-9BB7-5D66BA6E6461} = {C698C845-6859-4CF6-BE15-83B6C1AE6CB0}
		{0C3D3B6B-51C1-48A1-8FBB-AE9D4748B16C} = {C698C845-6859-4CF6-BE15-83B6C1AE6CB0}
		{5B0E1E10-0B80-4D80-B563-D674A9B65429} = {C698C845-6859-4CF6-BE15-83B6C1AE6CB0}
		{CFA7C7AB-43C2-4D2E-A971-DC20384A6414} = {C698C845-6859-4CF6-BE15-83B6C1AE6CB0}
		{EAD950AB-0BAE-4F1C-9FF7-C03934FA0E82} = {C2D7EE1D-FF29-410A-A710-0FB6E8C3319F}
		{466B8C6F-54CE-42AC-9B19-61A1A247EA32} = {C2D7EE1D-FF29-410A-A710-0FB6E8C3319F}
		{A7665B9A-C791-49D1-BE90-2770687BCB3F} = {708E281D-A2FC-4E6D-AFA6-84482952AAC0}
		{135E0A63-F78C-44AB-8F35-BD8DAACA0315} = {708E281D-A2FC-4E6D-AFA6-84482952AAC0}
	EndGlobalSection
	GlobalSection(ExtensibilityGlobals) = postSolution
		SolutionGuid = {C699E386-11E7-4ABB-9AD6-C676F3CA2061}
	EndGlobalSection
EndGlobal
